// !$*UTF8*$!
{
	archiveVersion = 1;
	classes = {
	};
	objectVersion = 55;
	objects = {

/* Begin PBXBuildFile section */
		0F4796FA292BBD9B00FDEA04 /* CardListViewController.swift in Sources */ = {isa = PBXBuildFile; fileRef = 0F4796F9292BBD9B00FDEA04 /* CardListViewController.swift */; };
		0F4796FC292BBDF000FDEA04 /* CreditCardList.storyboard in Resources */ = {isa = PBXBuildFile; fileRef = 0F4796FB292BBDF000FDEA04 /* CreditCardList.storyboard */; };
		0F4796FE292BBE5900FDEA04 /* CreditCard.swift in Sources */ = {isa = PBXBuildFile; fileRef = 0F4796FD292BBE5900FDEA04 /* CreditCard.swift */; };
		0F67E83829268AD300970499 /* AppDelegate.swift in Sources */ = {isa = PBXBuildFile; fileRef = 0F67E83729268AD300970499 /* AppDelegate.swift */; };
		0F67E84129268AD500970499 /* Assets.xcassets in Resources */ = {isa = PBXBuildFile; fileRef = 0F67E84029268AD500970499 /* Assets.xcassets */; };
		0F67E84429268AD500970499 /* LaunchScreen.storyboard in Resources */ = {isa = PBXBuildFile; fileRef = 0F67E84229268AD500970499 /* LaunchScreen.storyboard */; };
		0F67E84F29268AD500970499 /* LearnSwiftTests.swift in Sources */ = {isa = PBXBuildFile; fileRef = 0F67E84E29268AD500970499 /* LearnSwiftTests.swift */; };
		0F67E85929268AD500970499 /* LearnSwiftUITests.swift in Sources */ = {isa = PBXBuildFile; fileRef = 0F67E85829268AD500970499 /* LearnSwiftUITests.swift */; };
		0F67E85B29268AD500970499 /* LearnSwiftUITestsLaunchTests.swift in Sources */ = {isa = PBXBuildFile; fileRef = 0F67E85A29268AD500970499 /* LearnSwiftUITestsLaunchTests.swift */; };
		0F67E86B29268E9A00970499 /* Splash.storyboard in Resources */ = {isa = PBXBuildFile; fileRef = 0F67E86A29268E9A00970499 /* Splash.storyboard */; };
		0F67E86D29268ECB00970499 /* SplashViewController.swift in Sources */ = {isa = PBXBuildFile; fileRef = 0F67E86C29268ECB00970499 /* SplashViewController.swift */; };
		0F67E87029268F5D00970499 /* COVID19.storyboard in Resources */ = {isa = PBXBuildFile; fileRef = 0F67E86F29268F5D00970499 /* COVID19.storyboard */; };
		0FAC992B2929CF4B00C5AC07 /* SpotifyLogin.storyboard in Resources */ = {isa = PBXBuildFile; fileRef = 0FAC992A2929CF4B00C5AC07 /* SpotifyLogin.storyboard */; };
		0FAC992D2929D01600C5AC07 /* SpotifyLoginViewController.swift in Sources */ = {isa = PBXBuildFile; fileRef = 0FAC992C2929D01600C5AC07 /* SpotifyLoginViewController.swift */; };
		0FAC992F2929E8D000C5AC07 /* EnterEmailViewController.swift in Sources */ = {isa = PBXBuildFile; fileRef = 0FAC992E2929E8D000C5AC07 /* EnterEmailViewController.swift */; };
		0FAC99312929F67500C5AC07 /* MainViewController.swift in Sources */ = {isa = PBXBuildFile; fileRef = 0FAC99302929F67500C5AC07 /* MainViewController.swift */; };
		0FAC99332929FBC300C5AC07 /* GoogleService-Info.plist in Resources */ = {isa = PBXBuildFile; fileRef = 0FAC99322929FBC300C5AC07 /* GoogleService-Info.plist */; };
		0FB0468329288B71000A5992 /* Home.storyboard in Resources */ = {isa = PBXBuildFile; fileRef = 0FB0468229288B71000A5992 /* Home.storyboard */; };
		0FB0468729288EB8000A5992 /* GeneralHelper.swift in Sources */ = {isa = PBXBuildFile; fileRef = 0FB0468629288EB8000A5992 /* GeneralHelper.swift */; };
		0FB046892928943B000A5992 /* TabBarViewController.swift in Sources */ = {isa = PBXBuildFile; fileRef = 0FB046882928943B000A5992 /* TabBarViewController.swift */; };
		0FB0468C29289CD9000A5992 /* FastCampusViewController.swift in Sources */ = {isa = PBXBuildFile; fileRef = 0FB0468B29289CD9000A5992 /* FastCampusViewController.swift */; };
		0FB0468E29289E52000A5992 /* COVID19ViewController.swift in Sources */ = {isa = PBXBuildFile; fileRef = 0FB0468D29289E52000A5992 /* COVID19ViewController.swift */; };
		0FEFBD452928A54B0043D02B /* CovidDetailViewController.swift in Sources */ = {isa = PBXBuildFile; fileRef = 0FEFBD442928A54B0043D02B /* CovidDetailViewController.swift */; };
		0FEFBD482928C4110043D02B /* CityCovidOverview.swift in Sources */ = {isa = PBXBuildFile; fileRef = 0FEFBD472928C4110043D02B /* CityCovidOverview.swift */; };
		0FFC2F64292BC77600FC32FD /* CardListCell.swift in Sources */ = {isa = PBXBuildFile; fileRef = 0FFC2F62292BC77600FC32FD /* CardListCell.swift */; };
		0FFC2F65292BC77600FC32FD /* CardListCell.xib in Resources */ = {isa = PBXBuildFile; fileRef = 0FFC2F63292BC77600FC32FD /* CardListCell.xib */; };
		0FFC2F67292BD07200FC32FD /* CardDetailViewController.swift in Sources */ = {isa = PBXBuildFile; fileRef = 0FFC2F66292BD07200FC32FD /* CardDetailViewController.swift */; };
		16DBAA01ACB055592423A030 /* Pods_LearnSwift.framework in Frameworks */ = {isa = PBXBuildFile; fileRef = 8B2C6433EA773BA2CEF63A03 /* Pods_LearnSwift.framework */; };
/* End PBXBuildFile section */

/* Begin PBXContainerItemProxy section */
		0F67E84B29268AD500970499 /* PBXContainerItemProxy */ = {
			isa = PBXContainerItemProxy;
			containerPortal = 0F67E82C29268AD300970499 /* Project object */;
			proxyType = 1;
			remoteGlobalIDString = 0F67E83329268AD300970499;
			remoteInfo = LearnSwift;
		};
		0F67E85529268AD500970499 /* PBXContainerItemProxy */ = {
			isa = PBXContainerItemProxy;
			containerPortal = 0F67E82C29268AD300970499 /* Project object */;
			proxyType = 1;
			remoteGlobalIDString = 0F67E83329268AD300970499;
			remoteInfo = LearnSwift;
		};
/* End PBXContainerItemProxy section */

/* Begin PBXFileReference section */
		0F4796F9292BBD9B00FDEA04 /* CardListViewController.swift */ = {isa = PBXFileReference; lastKnownFileType = sourcecode.swift; path = CardListViewController.swift; sourceTree = "<group>"; };
		0F4796FB292BBDF000FDEA04 /* CreditCardList.storyboard */ = {isa = PBXFileReference; lastKnownFileType = file.storyboard; path = CreditCardList.storyboard; sourceTree = "<group>"; };
		0F4796FD292BBE5900FDEA04 /* CreditCard.swift */ = {isa = PBXFileReference; lastKnownFileType = sourcecode.swift; path = CreditCard.swift; sourceTree = "<group>"; };
		0F67E83429268AD300970499 /* LearnSwift.app */ = {isa = PBXFileReference; explicitFileType = wrapper.application; includeInIndex = 0; path = LearnSwift.app; sourceTree = BUILT_PRODUCTS_DIR; };
		0F67E83729268AD300970499 /* AppDelegate.swift */ = {isa = PBXFileReference; lastKnownFileType = sourcecode.swift; path = AppDelegate.swift; sourceTree = "<group>"; };
		0F67E84029268AD500970499 /* Assets.xcassets */ = {isa = PBXFileReference; lastKnownFileType = folder.assetcatalog; path = Assets.xcassets; sourceTree = "<group>"; };
		0F67E84329268AD500970499 /* Base */ = {isa = PBXFileReference; lastKnownFileType = file.storyboard; name = Base; path = Base.lproj/LaunchScreen.storyboard; sourceTree = "<group>"; };
		0F67E84529268AD500970499 /* Info.plist */ = {isa = PBXFileReference; lastKnownFileType = text.plist.xml; path = Info.plist; sourceTree = "<group>"; };
		0F67E84A29268AD500970499 /* LearnSwiftTests.xctest */ = {isa = PBXFileReference; explicitFileType = wrapper.cfbundle; includeInIndex = 0; path = LearnSwiftTests.xctest; sourceTree = BUILT_PRODUCTS_DIR; };
		0F67E84E29268AD500970499 /* LearnSwiftTests.swift */ = {isa = PBXFileReference; lastKnownFileType = sourcecode.swift; path = LearnSwiftTests.swift; sourceTree = "<group>"; };
		0F67E85429268AD500970499 /* LearnSwiftUITests.xctest */ = {isa = PBXFileReference; explicitFileType = wrapper.cfbundle; includeInIndex = 0; path = LearnSwiftUITests.xctest; sourceTree = BUILT_PRODUCTS_DIR; };
		0F67E85829268AD500970499 /* LearnSwiftUITests.swift */ = {isa = PBXFileReference; lastKnownFileType = sourcecode.swift; path = LearnSwiftUITests.swift; sourceTree = "<group>"; };
		0F67E85A29268AD500970499 /* LearnSwiftUITestsLaunchTests.swift */ = {isa = PBXFileReference; lastKnownFileType = sourcecode.swift; path = LearnSwiftUITestsLaunchTests.swift; sourceTree = "<group>"; };
		0F67E86A29268E9A00970499 /* Splash.storyboard */ = {isa = PBXFileReference; lastKnownFileType = file.storyboard; path = Splash.storyboard; sourceTree = "<group>"; };
		0F67E86C29268ECB00970499 /* SplashViewController.swift */ = {isa = PBXFileReference; lastKnownFileType = sourcecode.swift; path = SplashViewController.swift; sourceTree = "<group>"; };
		0F67E86F29268F5D00970499 /* COVID19.storyboard */ = {isa = PBXFileReference; lastKnownFileType = file.storyboard; path = COVID19.storyboard; sourceTree = "<group>"; };
		0FAC992A2929CF4B00C5AC07 /* SpotifyLogin.storyboard */ = {isa = PBXFileReference; lastKnownFileType = file.storyboard; path = SpotifyLogin.storyboard; sourceTree = "<group>"; };
		0FAC992C2929D01600C5AC07 /* SpotifyLoginViewController.swift */ = {isa = PBXFileReference; lastKnownFileType = sourcecode.swift; path = SpotifyLoginViewController.swift; sourceTree = "<group>"; };
		0FAC992E2929E8D000C5AC07 /* EnterEmailViewController.swift */ = {isa = PBXFileReference; lastKnownFileType = sourcecode.swift; path = EnterEmailViewController.swift; sourceTree = "<group>"; };
		0FAC99302929F67500C5AC07 /* MainViewController.swift */ = {isa = PBXFileReference; lastKnownFileType = sourcecode.swift; path = MainViewController.swift; sourceTree = "<group>"; };
		0FAC99322929FBC300C5AC07 /* GoogleService-Info.plist */ = {isa = PBXFileReference; fileEncoding = 4; lastKnownFileType = text.plist.xml; name = "GoogleService-Info.plist"; path = "../../../../Downloads/GoogleService-Info.plist"; sourceTree = "<group>"; };
		0FB0468229288B71000A5992 /* Home.storyboard */ = {isa = PBXFileReference; lastKnownFileType = file.storyboard; path = Home.storyboard; sourceTree = "<group>"; };
		0FB0468629288EB8000A5992 /* GeneralHelper.swift */ = {isa = PBXFileReference; lastKnownFileType = sourcecode.swift; path = GeneralHelper.swift; sourceTree = "<group>"; };
		0FB046882928943B000A5992 /* TabBarViewController.swift */ = {isa = PBXFileReference; lastKnownFileType = sourcecode.swift; path = TabBarViewController.swift; sourceTree = "<group>"; };
		0FB0468B29289CD9000A5992 /* FastCampusViewController.swift */ = {isa = PBXFileReference; lastKnownFileType = sourcecode.swift; path = FastCampusViewController.swift; sourceTree = "<group>"; };
		0FB0468D29289E52000A5992 /* COVID19ViewController.swift */ = {isa = PBXFileReference; lastKnownFileType = sourcecode.swift; path = COVID19ViewController.swift; sourceTree = "<group>"; };
		0FEFBD442928A54B0043D02B /* CovidDetailViewController.swift */ = {isa = PBXFileReference; lastKnownFileType = sourcecode.swift; path = CovidDetailViewController.swift; sourceTree = "<group>"; };
		0FEFBD472928C4110043D02B /* CityCovidOverview.swift */ = {isa = PBXFileReference; lastKnownFileType = sourcecode.swift; path = CityCovidOverview.swift; sourceTree = "<group>"; };
		0FFC2F62292BC77600FC32FD /* CardListCell.swift */ = {isa = PBXFileReference; lastKnownFileType = sourcecode.swift; path = CardListCell.swift; sourceTree = "<group>"; };
		0FFC2F63292BC77600FC32FD /* CardListCell.xib */ = {isa = PBXFileReference; lastKnownFileType = file.xib; path = CardListCell.xib; sourceTree = "<group>"; };
		0FFC2F66292BD07200FC32FD /* CardDetailViewController.swift */ = {isa = PBXFileReference; lastKnownFileType = sourcecode.swift; path = CardDetailViewController.swift; sourceTree = "<group>"; };
		0FFC2F6B292BD5FA00FC32FD /* money.json */ = {isa = PBXFileReference; lastKnownFileType = text.json; path = money.json; sourceTree = "<group>"; };
		406B207FF6FA996C9825CEFE /* Pods-LearnSwift.debug.xcconfig */ = {isa = PBXFileReference; includeInIndex = 1; lastKnownFileType = text.xcconfig; name = "Pods-LearnSwift.debug.xcconfig"; path = "Target Support Files/Pods-LearnSwift/Pods-LearnSwift.debug.xcconfig"; sourceTree = "<group>"; };
		8B2C6433EA773BA2CEF63A03 /* Pods_LearnSwift.framework */ = {isa = PBXFileReference; explicitFileType = wrapper.framework; includeInIndex = 0; path = Pods_LearnSwift.framework; sourceTree = BUILT_PRODUCTS_DIR; };
		ED43D121675EB6922167DF66 /* Pods-LearnSwift.release.xcconfig */ = {isa = PBXFileReference; includeInIndex = 1; lastKnownFileType = text.xcconfig; name = "Pods-LearnSwift.release.xcconfig"; path = "Target Support Files/Pods-LearnSwift/Pods-LearnSwift.release.xcconfig"; sourceTree = "<group>"; };
/* End PBXFileReference section */

/* Begin PBXFrameworksBuildPhase section */
		0F67E83129268AD300970499 /* Frameworks */ = {
			isa = PBXFrameworksBuildPhase;
			buildActionMask = 2147483647;
			files = (
				16DBAA01ACB055592423A030 /* Pods_LearnSwift.framework in Frameworks */,
			);
			runOnlyForDeploymentPostprocessing = 0;
		};
		0F67E84729268AD500970499 /* Frameworks */ = {
			isa = PBXFrameworksBuildPhase;
			buildActionMask = 2147483647;
			files = (
			);
			runOnlyForDeploymentPostprocessing = 0;
		};
		0F67E85129268AD500970499 /* Frameworks */ = {
			isa = PBXFrameworksBuildPhase;
			buildActionMask = 2147483647;
			files = (
			);
			runOnlyForDeploymentPostprocessing = 0;
		};
/* End PBXFrameworksBuildPhase section */

/* Begin PBXGroup section */
		0F4796F8292BBD7B00FDEA04 /* CreditCardList */ = {
			isa = PBXGroup;
			children = (
				0FFC2F61292BC73E00FC32FD /* TableCell */,
				0F4796F9292BBD9B00FDEA04 /* CardListViewController.swift */,
				0F4796FB292BBDF000FDEA04 /* CreditCardList.storyboard */,
				0FFC2F66292BD07200FC32FD /* CardDetailViewController.swift */,
			);
			path = CreditCardList;
			sourceTree = "<group>";
		};
		0F67E82B29268AD300970499 = {
			isa = PBXGroup;
			children = (
				0F67E83629268AD300970499 /* LearnSwift */,
				0F67E84D29268AD500970499 /* LearnSwiftTests */,
				0F67E85729268AD500970499 /* LearnSwiftUITests */,
				0F67E83529268AD300970499 /* Products */,
				FCCC4C96A5CC27240AD87311 /* Pods */,
				C74132F6FA417E972AA85F5A /* Frameworks */,
			);
			sourceTree = "<group>";
		};
		0F67E83529268AD300970499 /* Products */ = {
			isa = PBXGroup;
			children = (
				0F67E83429268AD300970499 /* LearnSwift.app */,
				0F67E84A29268AD500970499 /* LearnSwiftTests.xctest */,
				0F67E85429268AD500970499 /* LearnSwiftUITests.xctest */,
			);
			name = Products;
			sourceTree = "<group>";
		};
		0F67E83629268AD300970499 /* LearnSwift */ = {
			isa = PBXGroup;
			children = (
				0FFC2F6E292BD7DF00FC32FD /* Animation */,
				0FEFBD462928A96D0043D02B /* Model */,
				0F67E87129268F9E00970499 /* Helpers */,
				0F67E86829268E4E00970499 /* UI */,
				0F67E86729268DC500970499 /* Supporting Files */,
				0F67E83729268AD300970499 /* AppDelegate.swift */,
				0F67E84029268AD500970499 /* Assets.xcassets */,
				0F67E84229268AD500970499 /* LaunchScreen.storyboard */,
			);
			path = LearnSwift;
			sourceTree = "<group>";
		};
		0F67E84D29268AD500970499 /* LearnSwiftTests */ = {
			isa = PBXGroup;
			children = (
				0F67E84E29268AD500970499 /* LearnSwiftTests.swift */,
			);
			path = LearnSwiftTests;
			sourceTree = "<group>";
		};
		0F67E85729268AD500970499 /* LearnSwiftUITests */ = {
			isa = PBXGroup;
			children = (
				0F67E85829268AD500970499 /* LearnSwiftUITests.swift */,
				0F67E85A29268AD500970499 /* LearnSwiftUITestsLaunchTests.swift */,
			);
			path = LearnSwiftUITests;
			sourceTree = "<group>";
		};
		0F67E86729268DC500970499 /* Supporting Files */ = {
			isa = PBXGroup;
			children = (
				0FAC99322929FBC300C5AC07 /* GoogleService-Info.plist */,
				0F67E84529268AD500970499 /* Info.plist */,
			);
			path = "Supporting Files";
			sourceTree = "<group>";
		};
		0F67E86829268E4E00970499 /* UI */ = {
			isa = PBXGroup;
			children = (
				0F4796F8292BBD7B00FDEA04 /* CreditCardList */,
				0FAC99292929CF3800C5AC07 /* SpotifyLogin */,
				0FB0468129288B5F000A5992 /* Home */,
				0F67E86E29268F4600970499 /* COVID19 */,
				0F67E86929268E8D00970499 /* Splash */,
			);
			path = UI;
			sourceTree = "<group>";
		};
		0F67E86929268E8D00970499 /* Splash */ = {
			isa = PBXGroup;
			children = (
				0F67E86A29268E9A00970499 /* Splash.storyboard */,
				0F67E86C29268ECB00970499 /* SplashViewController.swift */,
			);
			path = Splash;
			sourceTree = "<group>";
		};
		0F67E86E29268F4600970499 /* COVID19 */ = {
			isa = PBXGroup;
			children = (
				0F67E86F29268F5D00970499 /* COVID19.storyboard */,
				0FB0468D29289E52000A5992 /* COVID19ViewController.swift */,
				0FEFBD442928A54B0043D02B /* CovidDetailViewController.swift */,
			);
			path = COVID19;
			sourceTree = "<group>";
		};
		0F67E87129268F9E00970499 /* Helpers */ = {
			isa = PBXGroup;
			children = (
				0FB0468629288EB8000A5992 /* GeneralHelper.swift */,
			);
			path = Helpers;
			sourceTree = "<group>";
		};
		0FAC99292929CF3800C5AC07 /* SpotifyLogin */ = {
			isa = PBXGroup;
			children = (
				0FAC992A2929CF4B00C5AC07 /* SpotifyLogin.storyboard */,
				0FAC992C2929D01600C5AC07 /* SpotifyLoginViewController.swift */,
				0FAC992E2929E8D000C5AC07 /* EnterEmailViewController.swift */,
				0FAC99302929F67500C5AC07 /* MainViewController.swift */,
			);
			path = SpotifyLogin;
			sourceTree = "<group>";
		};
		0FB0468129288B5F000A5992 /* Home */ = {
			isa = PBXGroup;
			children = (
				0FB0468229288B71000A5992 /* Home.storyboard */,
				0FB0468B29289CD9000A5992 /* FastCampusViewController.swift */,
				0FB046882928943B000A5992 /* TabBarViewController.swift */,
			);
			path = Home;
			sourceTree = "<group>";
		};
		0FEFBD462928A96D0043D02B /* Model */ = {
			isa = PBXGroup;
			children = (
				0FEFBD472928C4110043D02B /* CityCovidOverview.swift */,
				0F4796FD292BBE5900FDEA04 /* CreditCard.swift */,
			);
			path = Model;
			sourceTree = "<group>";
		};
		0FFC2F61292BC73E00FC32FD /* TableCell */ = {
			isa = PBXGroup;
			children = (
				0FFC2F62292BC77600FC32FD /* CardListCell.swift */,
				0FFC2F63292BC77600FC32FD /* CardListCell.xib */,
			);
			path = TableCell;
			sourceTree = "<group>";
		};
		0FFC2F6E292BD7DF00FC32FD /* Animation */ = {
			isa = PBXGroup;
			children = (
				0FFC2F6B292BD5FA00FC32FD /* money.json */,
			);
			path = Animation;
			sourceTree = "<group>";
		};
		C74132F6FA417E972AA85F5A /* Frameworks */ = {
			isa = PBXGroup;
			children = (
				8B2C6433EA773BA2CEF63A03 /* Pods_LearnSwift.framework */,
			);
			name = Frameworks;
			sourceTree = "<group>";
		};
		FCCC4C96A5CC27240AD87311 /* Pods */ = {
			isa = PBXGroup;
			children = (
				406B207FF6FA996C9825CEFE /* Pods-LearnSwift.debug.xcconfig */,
				ED43D121675EB6922167DF66 /* Pods-LearnSwift.release.xcconfig */,
			);
			path = Pods;
			sourceTree = "<group>";
		};
/* End PBXGroup section */

/* Begin PBXNativeTarget section */
		0F67E83329268AD300970499 /* LearnSwift */ = {
			isa = PBXNativeTarget;
			buildConfigurationList = 0F67E85E29268AD500970499 /* Build configuration list for PBXNativeTarget "LearnSwift" */;
			buildPhases = (
				CFD45087048BCA63E6CB56E7 /* [CP] Check Pods Manifest.lock */,
				0F67E83029268AD300970499 /* Sources */,
				0F67E83129268AD300970499 /* Frameworks */,
				0F67E83229268AD300970499 /* Resources */,
				8047105807883B140746E816 /* [CP] Embed Pods Frameworks */,
				0C8FE64E3AB199F8ED0EC5B5 /* [CP] Copy Pods Resources */,
			);
			buildRules = (
			);
			dependencies = (
			);
			name = LearnSwift;
			productName = LearnSwift;
			productReference = 0F67E83429268AD300970499 /* LearnSwift.app */;
			productType = "com.apple.product-type.application";
		};
		0F67E84929268AD500970499 /* LearnSwiftTests */ = {
			isa = PBXNativeTarget;
			buildConfigurationList = 0F67E86129268AD500970499 /* Build configuration list for PBXNativeTarget "LearnSwiftTests" */;
			buildPhases = (
				0F67E84629268AD500970499 /* Sources */,
				0F67E84729268AD500970499 /* Frameworks */,
				0F67E84829268AD500970499 /* Resources */,
			);
			buildRules = (
			);
			dependencies = (
				0F67E84C29268AD500970499 /* PBXTargetDependency */,
			);
			name = LearnSwiftTests;
			productName = LearnSwiftTests;
			productReference = 0F67E84A29268AD500970499 /* LearnSwiftTests.xctest */;
			productType = "com.apple.product-type.bundle.unit-test";
		};
		0F67E85329268AD500970499 /* LearnSwiftUITests */ = {
			isa = PBXNativeTarget;
			buildConfigurationList = 0F67E86429268AD500970499 /* Build configuration list for PBXNativeTarget "LearnSwiftUITests" */;
			buildPhases = (
				0F67E85029268AD500970499 /* Sources */,
				0F67E85129268AD500970499 /* Frameworks */,
				0F67E85229268AD500970499 /* Resources */,
			);
			buildRules = (
			);
			dependencies = (
				0F67E85629268AD500970499 /* PBXTargetDependency */,
			);
			name = LearnSwiftUITests;
			productName = LearnSwiftUITests;
			productReference = 0F67E85429268AD500970499 /* LearnSwiftUITests.xctest */;
			productType = "com.apple.product-type.bundle.ui-testing";
		};
/* End PBXNativeTarget section */

/* Begin PBXProject section */
		0F67E82C29268AD300970499 /* Project object */ = {
			isa = PBXProject;
			attributes = {
				BuildIndependentTargetsInParallel = 1;
				LastSwiftUpdateCheck = 1410;
				LastUpgradeCheck = 1410;
				TargetAttributes = {
					0F67E83329268AD300970499 = {
						CreatedOnToolsVersion = 14.1;
					};
					0F67E84929268AD500970499 = {
						CreatedOnToolsVersion = 14.1;
						TestTargetID = 0F67E83329268AD300970499;
					};
					0F67E85329268AD500970499 = {
						CreatedOnToolsVersion = 14.1;
						TestTargetID = 0F67E83329268AD300970499;
					};
				};
			};
			buildConfigurationList = 0F67E82F29268AD300970499 /* Build configuration list for PBXProject "LearnSwift" */;
			compatibilityVersion = "Xcode 13.0";
			developmentRegion = en;
			hasScannedForEncodings = 0;
			knownRegions = (
				en,
				Base,
			);
			mainGroup = 0F67E82B29268AD300970499;
			productRefGroup = 0F67E83529268AD300970499 /* Products */;
			projectDirPath = "";
			projectRoot = "";
			targets = (
				0F67E83329268AD300970499 /* LearnSwift */,
				0F67E84929268AD500970499 /* LearnSwiftTests */,
				0F67E85329268AD500970499 /* LearnSwiftUITests */,
			);
		};
/* End PBXProject section */

/* Begin PBXResourcesBuildPhase section */
		0F67E83229268AD300970499 /* Resources */ = {
			isa = PBXResourcesBuildPhase;
			buildActionMask = 2147483647;
			files = (
				0F67E87029268F5D00970499 /* COVID19.storyboard in Resources */,
				0F4796FC292BBDF000FDEA04 /* CreditCardList.storyboard in Resources */,
				0FB0468329288B71000A5992 /* Home.storyboard in Resources */,
				0FFC2F65292BC77600FC32FD /* CardListCell.xib in Resources */,
				0F67E84429268AD500970499 /* LaunchScreen.storyboard in Resources */,
				0F67E84129268AD500970499 /* Assets.xcassets in Resources */,
				0F67E86B29268E9A00970499 /* Splash.storyboard in Resources */,
				0FAC992B2929CF4B00C5AC07 /* SpotifyLogin.storyboard in Resources */,
				0FAC99332929FBC300C5AC07 /* GoogleService-Info.plist in Resources */,
			);
			runOnlyForDeploymentPostprocessing = 0;
		};
		0F67E84829268AD500970499 /* Resources */ = {
			isa = PBXResourcesBuildPhase;
			buildActionMask = 2147483647;
			files = (
			);
			runOnlyForDeploymentPostprocessing = 0;
		};
		0F67E85229268AD500970499 /* Resources */ = {
			isa = PBXResourcesBuildPhase;
			buildActionMask = 2147483647;
			files = (
			);
			runOnlyForDeploymentPostprocessing = 0;
		};
/* End PBXResourcesBuildPhase section */

/* Begin PBXShellScriptBuildPhase section */
		0C8FE64E3AB199F8ED0EC5B5 /* [CP] Copy Pods Resources */ = {
			isa = PBXShellScriptBuildPhase;
			buildActionMask = 2147483647;
			files = (
			);
			inputFileListPaths = (
				"${PODS_ROOT}/Target Support Files/Pods-LearnSwift/Pods-LearnSwift-resources-${CONFIGURATION}-input-files.xcfilelist",
			);
			name = "[CP] Copy Pods Resources";
			outputFileListPaths = (
				"${PODS_ROOT}/Target Support Files/Pods-LearnSwift/Pods-LearnSwift-resources-${CONFIGURATION}-output-files.xcfilelist",
			);
			runOnlyForDeploymentPostprocessing = 0;
			shellPath = /bin/sh;
			shellScript = "\"${PODS_ROOT}/Target Support Files/Pods-LearnSwift/Pods-LearnSwift-resources.sh\"\n";
			showEnvVarsInLog = 0;
		};
		8047105807883B140746E816 /* [CP] Embed Pods Frameworks */ = {
			isa = PBXShellScriptBuildPhase;
			buildActionMask = 2147483647;
			files = (
			);
			inputFileListPaths = (
				"${PODS_ROOT}/Target Support Files/Pods-LearnSwift/Pods-LearnSwift-frameworks-${CONFIGURATION}-input-files.xcfilelist",
			);
			name = "[CP] Embed Pods Frameworks";
			outputFileListPaths = (
				"${PODS_ROOT}/Target Support Files/Pods-LearnSwift/Pods-LearnSwift-frameworks-${CONFIGURATION}-output-files.xcfilelist",
			);
			runOnlyForDeploymentPostprocessing = 0;
			shellPath = /bin/sh;
			shellScript = "\"${PODS_ROOT}/Target Support Files/Pods-LearnSwift/Pods-LearnSwift-frameworks.sh\"\n";
			showEnvVarsInLog = 0;
		};
		CFD45087048BCA63E6CB56E7 /* [CP] Check Pods Manifest.lock */ = {
			isa = PBXShellScriptBuildPhase;
			buildActionMask = 2147483647;
			files = (
			);
			inputFileListPaths = (
			);
			inputPaths = (
				"${PODS_PODFILE_DIR_PATH}/Podfile.lock",
				"${PODS_ROOT}/Manifest.lock",
			);
			name = "[CP] Check Pods Manifest.lock";
			outputFileListPaths = (
			);
			outputPaths = (
				"$(DERIVED_FILE_DIR)/Pods-LearnSwift-checkManifestLockResult.txt",
			);
			runOnlyForDeploymentPostprocessing = 0;
			shellPath = /bin/sh;
			shellScript = "diff \"${PODS_PODFILE_DIR_PATH}/Podfile.lock\" \"${PODS_ROOT}/Manifest.lock\" > /dev/null\nif [ $? != 0 ] ; then\n    # print error to STDERR\n    echo \"error: The sandbox is not in sync with the Podfile.lock. Run 'pod install' or update your CocoaPods installation.\" >&2\n    exit 1\nfi\n# This output is used by Xcode 'outputs' to avoid re-running this script phase.\necho \"SUCCESS\" > \"${SCRIPT_OUTPUT_FILE_0}\"\n";
			showEnvVarsInLog = 0;
		};
/* End PBXShellScriptBuildPhase section */

/* Begin PBXSourcesBuildPhase section */
		0F67E83029268AD300970499 /* Sources */ = {
			isa = PBXSourcesBuildPhase;
			buildActionMask = 2147483647;
			files = (
				0F4796FA292BBD9B00FDEA04 /* CardListViewController.swift in Sources */,
				0FB0468729288EB8000A5992 /* GeneralHelper.swift in Sources */,
				0FAC99312929F67500C5AC07 /* MainViewController.swift in Sources */,
				0FAC992D2929D01600C5AC07 /* SpotifyLoginViewController.swift in Sources */,
				0F67E83829268AD300970499 /* AppDelegate.swift in Sources */,
				0FFC2F64292BC77600FC32FD /* CardListCell.swift in Sources */,
				0FB0468E29289E52000A5992 /* COVID19ViewController.swift in Sources */,
				0FEFBD452928A54B0043D02B /* CovidDetailViewController.swift in Sources */,
				0F67E86D29268ECB00970499 /* SplashViewController.swift in Sources */,
				0FB0468C29289CD9000A5992 /* FastCampusViewController.swift in Sources */,
				0FFC2F67292BD07200FC32FD /* CardDetailViewController.swift in Sources */,
				0FB046892928943B000A5992 /* TabBarViewController.swift in Sources */,
				0FAC992F2929E8D000C5AC07 /* EnterEmailViewController.swift in Sources */,
				0F4796FE292BBE5900FDEA04 /* CreditCard.swift in Sources */,
				0FEFBD482928C4110043D02B /* CityCovidOverview.swift in Sources */,
			);
			runOnlyForDeploymentPostprocessing = 0;
		};
		0F67E84629268AD500970499 /* Sources */ = {
			isa = PBXSourcesBuildPhase;
			buildActionMask = 2147483647;
			files = (
				0F67E84F29268AD500970499 /* LearnSwiftTests.swift in Sources */,
			);
			runOnlyForDeploymentPostprocessing = 0;
		};
		0F67E85029268AD500970499 /* Sources */ = {
			isa = PBXSourcesBuildPhase;
			buildActionMask = 2147483647;
			files = (
				0F67E85929268AD500970499 /* LearnSwiftUITests.swift in Sources */,
				0F67E85B29268AD500970499 /* LearnSwiftUITestsLaunchTests.swift in Sources */,
			);
			runOnlyForDeploymentPostprocessing = 0;
		};
/* End PBXSourcesBuildPhase section */

/* Begin PBXTargetDependency section */
		0F67E84C29268AD500970499 /* PBXTargetDependency */ = {
			isa = PBXTargetDependency;
			target = 0F67E83329268AD300970499 /* LearnSwift */;
			targetProxy = 0F67E84B29268AD500970499 /* PBXContainerItemProxy */;
		};
		0F67E85629268AD500970499 /* PBXTargetDependency */ = {
			isa = PBXTargetDependency;
			target = 0F67E83329268AD300970499 /* LearnSwift */;
			targetProxy = 0F67E85529268AD500970499 /* PBXContainerItemProxy */;
		};
/* End PBXTargetDependency section */

/* Begin PBXVariantGroup section */
		0F67E84229268AD500970499 /* LaunchScreen.storyboard */ = {
			isa = PBXVariantGroup;
			children = (
				0F67E84329268AD500970499 /* Base */,
			);
			name = LaunchScreen.storyboard;
			sourceTree = "<group>";
		};
/* End PBXVariantGroup section */

/* Begin XCBuildConfiguration section */
		0F67E85C29268AD500970499 /* Debug */ = {
			isa = XCBuildConfiguration;
			buildSettings = {
				ALWAYS_SEARCH_USER_PATHS = NO;
				CLANG_ANALYZER_NONNULL = YES;
				CLANG_ANALYZER_NUMBER_OBJECT_CONVERSION = YES_AGGRESSIVE;
				CLANG_CXX_LANGUAGE_STANDARD = "gnu++20";
				CLANG_ENABLE_MODULES = YES;
				CLANG_ENABLE_OBJC_ARC = YES;
				CLANG_ENABLE_OBJC_WEAK = YES;
				CLANG_WARN_BLOCK_CAPTURE_AUTORELEASING = YES;
				CLANG_WARN_BOOL_CONVERSION = YES;
				CLANG_WARN_COMMA = YES;
				CLANG_WARN_CONSTANT_CONVERSION = YES;
				CLANG_WARN_DEPRECATED_OBJC_IMPLEMENTATIONS = YES;
				CLANG_WARN_DIRECT_OBJC_ISA_USAGE = YES_ERROR;
				CLANG_WARN_DOCUMENTATION_COMMENTS = YES;
				CLANG_WARN_EMPTY_BODY = YES;
				CLANG_WARN_ENUM_CONVERSION = YES;
				CLANG_WARN_INFINITE_RECURSION = YES;
				CLANG_WARN_INT_CONVERSION = YES;
				CLANG_WARN_NON_LITERAL_NULL_CONVERSION = YES;
				CLANG_WARN_OBJC_IMPLICIT_RETAIN_SELF = YES;
				CLANG_WARN_OBJC_LITERAL_CONVERSION = YES;
				CLANG_WARN_OBJC_ROOT_CLASS = YES_ERROR;
				CLANG_WARN_QUOTED_INCLUDE_IN_FRAMEWORK_HEADER = YES;
				CLANG_WARN_RANGE_LOOP_ANALYSIS = YES;
				CLANG_WARN_STRICT_PROTOTYPES = YES;
				CLANG_WARN_SUSPICIOUS_MOVE = YES;
				CLANG_WARN_UNGUARDED_AVAILABILITY = YES_AGGRESSIVE;
				CLANG_WARN_UNREACHABLE_CODE = YES;
				CLANG_WARN__DUPLICATE_METHOD_MATCH = YES;
				COPY_PHASE_STRIP = NO;
				DEBUG_INFORMATION_FORMAT = dwarf;
				ENABLE_STRICT_OBJC_MSGSEND = YES;
				ENABLE_TESTABILITY = YES;
				GCC_C_LANGUAGE_STANDARD = gnu11;
				GCC_DYNAMIC_NO_PIC = NO;
				GCC_NO_COMMON_BLOCKS = YES;
				GCC_OPTIMIZATION_LEVEL = 0;
				GCC_PREPROCESSOR_DEFINITIONS = (
					"DEBUG=1",
					"$(inherited)",
				);
				GCC_WARN_64_TO_32_BIT_CONVERSION = YES;
				GCC_WARN_ABOUT_RETURN_TYPE = YES_ERROR;
				GCC_WARN_UNDECLARED_SELECTOR = YES;
				GCC_WARN_UNINITIALIZED_AUTOS = YES_AGGRESSIVE;
				GCC_WARN_UNUSED_FUNCTION = YES;
				GCC_WARN_UNUSED_VARIABLE = YES;
				IPHONEOS_DEPLOYMENT_TARGET = 16.1;
				MTL_ENABLE_DEBUG_INFO = INCLUDE_SOURCE;
				MTL_FAST_MATH = YES;
				ONLY_ACTIVE_ARCH = YES;
				SDKROOT = iphoneos;
				SWIFT_ACTIVE_COMPILATION_CONDITIONS = DEBUG;
				SWIFT_OPTIMIZATION_LEVEL = "-Onone";
			};
			name = Debug;
		};
		0F67E85D29268AD500970499 /* Release */ = {
			isa = XCBuildConfiguration;
			buildSettings = {
				ALWAYS_SEARCH_USER_PATHS = NO;
				CLANG_ANALYZER_NONNULL = YES;
				CLANG_ANALYZER_NUMBER_OBJECT_CONVERSION = YES_AGGRESSIVE;
				CLANG_CXX_LANGUAGE_STANDARD = "gnu++20";
				CLANG_ENABLE_MODULES = YES;
				CLANG_ENABLE_OBJC_ARC = YES;
				CLANG_ENABLE_OBJC_WEAK = YES;
				CLANG_WARN_BLOCK_CAPTURE_AUTORELEASING = YES;
				CLANG_WARN_BOOL_CONVERSION = YES;
				CLANG_WARN_COMMA = YES;
				CLANG_WARN_CONSTANT_CONVERSION = YES;
				CLANG_WARN_DEPRECATED_OBJC_IMPLEMENTATIONS = YES;
				CLANG_WARN_DIRECT_OBJC_ISA_USAGE = YES_ERROR;
				CLANG_WARN_DOCUMENTATION_COMMENTS = YES;
				CLANG_WARN_EMPTY_BODY = YES;
				CLANG_WARN_ENUM_CONVERSION = YES;
				CLANG_WARN_INFINITE_RECURSION = YES;
				CLANG_WARN_INT_CONVERSION = YES;
				CLANG_WARN_NON_LITERAL_NULL_CONVERSION = YES;
				CLANG_WARN_OBJC_IMPLICIT_RETAIN_SELF = YES;
				CLANG_WARN_OBJC_LITERAL_CONVERSION = YES;
				CLANG_WARN_OBJC_ROOT_CLASS = YES_ERROR;
				CLANG_WARN_QUOTED_INCLUDE_IN_FRAMEWORK_HEADER = YES;
				CLANG_WARN_RANGE_LOOP_ANALYSIS = YES;
				CLANG_WARN_STRICT_PROTOTYPES = YES;
				CLANG_WARN_SUSPICIOUS_MOVE = YES;
				CLANG_WARN_UNGUARDED_AVAILABILITY = YES_AGGRESSIVE;
				CLANG_WARN_UNREACHABLE_CODE = YES;
				CLANG_WARN__DUPLICATE_METHOD_MATCH = YES;
				COPY_PHASE_STRIP = NO;
				DEBUG_INFORMATION_FORMAT = "dwarf-with-dsym";
				ENABLE_NS_ASSERTIONS = NO;
				ENABLE_STRICT_OBJC_MSGSEND = YES;
				GCC_C_LANGUAGE_STANDARD = gnu11;
				GCC_NO_COMMON_BLOCKS = YES;
				GCC_WARN_64_TO_32_BIT_CONVERSION = YES;
				GCC_WARN_ABOUT_RETURN_TYPE = YES_ERROR;
				GCC_WARN_UNDECLARED_SELECTOR = YES;
				GCC_WARN_UNINITIALIZED_AUTOS = YES_AGGRESSIVE;
				GCC_WARN_UNUSED_FUNCTION = YES;
				GCC_WARN_UNUSED_VARIABLE = YES;
				IPHONEOS_DEPLOYMENT_TARGET = 16.1;
				MTL_ENABLE_DEBUG_INFO = NO;
				MTL_FAST_MATH = YES;
				SDKROOT = iphoneos;
				SWIFT_COMPILATION_MODE = wholemodule;
				SWIFT_OPTIMIZATION_LEVEL = "-O";
				VALIDATE_PRODUCT = YES;
			};
			name = Release;
		};
		0F67E85F29268AD500970499 /* Debug */ = {
			isa = XCBuildConfiguration;
			baseConfigurationReference = 406B207FF6FA996C9825CEFE /* Pods-LearnSwift.debug.xcconfig */;
			buildSettings = {
				ASSETCATALOG_COMPILER_APPICON_NAME = AppIcon;
				ASSETCATALOG_COMPILER_GLOBAL_ACCENT_COLOR_NAME = AccentColor;
				CODE_SIGN_STYLE = Automatic;
				CURRENT_PROJECT_VERSION = 1;
				DEVELOPMENT_TEAM = QH45CZ96A9;
				GENERATE_INFOPLIST_FILE = YES;
				INFOPLIST_FILE = LearnSwift/Info.plist;
				INFOPLIST_KEY_UIApplicationSupportsIndirectInputEvents = YES;
				INFOPLIST_KEY_UILaunchStoryboardName = LaunchScreen;
				INFOPLIST_KEY_UIMainStoryboardFile = Splash;
				INFOPLIST_KEY_UISupportedInterfaceOrientations_iPad = "UIInterfaceOrientationPortrait UIInterfaceOrientationPortraitUpsideDown UIInterfaceOrientationLandscapeLeft UIInterfaceOrientationLandscapeRight";
				INFOPLIST_KEY_UISupportedInterfaceOrientations_iPhone = "UIInterfaceOrientationPortrait UIInterfaceOrientationLandscapeLeft UIInterfaceOrientationLandscapeRight";
				LD_RUNPATH_SEARCH_PATHS = (
					"$(inherited)",
					"@executable_path/Frameworks",
				);
				MARKETING_VERSION = 1.0;
				PRODUCT_BUNDLE_IDENTIFIER = hongsungin.LearnSwift;
				PRODUCT_NAME = "$(TARGET_NAME)";
				SWIFT_EMIT_LOC_STRINGS = YES;
				SWIFT_VERSION = 5.0;
				TARGETED_DEVICE_FAMILY = "1,2";
			};
			name = Debug;
		};
		0F67E86029268AD500970499 /* Release */ = {
			isa = XCBuildConfiguration;
			baseConfigurationReference = ED43D121675EB6922167DF66 /* Pods-LearnSwift.release.xcconfig */;
			buildSettings = {
				ASSETCATALOG_COMPILER_APPICON_NAME = AppIcon;
				ASSETCATALOG_COMPILER_GLOBAL_ACCENT_COLOR_NAME = AccentColor;
				CODE_SIGN_STYLE = Automatic;
				CURRENT_PROJECT_VERSION = 1;
				DEVELOPMENT_TEAM = QH45CZ96A9;
				GENERATE_INFOPLIST_FILE = YES;
				INFOPLIST_FILE = LearnSwift/Info.plist;
				INFOPLIST_KEY_UIApplicationSupportsIndirectInputEvents = YES;
				INFOPLIST_KEY_UILaunchStoryboardName = LaunchScreen;
				INFOPLIST_KEY_UIMainStoryboardFile = Splash;
				INFOPLIST_KEY_UISupportedInterfaceOrientations_iPad = "UIInterfaceOrientationPortrait UIInterfaceOrientationPortraitUpsideDown UIInterfaceOrientationLandscapeLeft UIInterfaceOrientationLandscapeRight";
				INFOPLIST_KEY_UISupportedInterfaceOrientations_iPhone = "UIInterfaceOrientationPortrait UIInterfaceOrientationLandscapeLeft UIInterfaceOrientationLandscapeRight";
				LD_RUNPATH_SEARCH_PATHS = (
					"$(inherited)",
					"@executable_path/Frameworks",
				);
				MARKETING_VERSION = 1.0;
				PRODUCT_BUNDLE_IDENTIFIER = hongsungin.LearnSwift;
				PRODUCT_NAME = "$(TARGET_NAME)";
				SWIFT_EMIT_LOC_STRINGS = YES;
				SWIFT_VERSION = 5.0;
				TARGETED_DEVICE_FAMILY = "1,2";
			};
			name = Release;
		};
		0F67E86229268AD500970499 /* Debug */ = {
			isa = XCBuildConfiguration;
			buildSettings = {
				ALWAYS_EMBED_SWIFT_STANDARD_LIBRARIES = YES;
				BUNDLE_LOADER = "$(TEST_HOST)";
				CODE_SIGN_STYLE = Automatic;
				CURRENT_PROJECT_VERSION = 1;
				DEVELOPMENT_TEAM = QH45CZ96A9;
				GENERATE_INFOPLIST_FILE = YES;
				IPHONEOS_DEPLOYMENT_TARGET = 16.1;
				MARKETING_VERSION = 1.0;
				PRODUCT_BUNDLE_IDENTIFIER = hongsungin.LearnSwiftTests;
				PRODUCT_NAME = "$(TARGET_NAME)";
				SWIFT_EMIT_LOC_STRINGS = NO;
				SWIFT_VERSION = 5.0;
				TARGETED_DEVICE_FAMILY = "1,2";
				TEST_HOST = "$(BUILT_PRODUCTS_DIR)/LearnSwift.app/$(BUNDLE_EXECUTABLE_FOLDER_PATH)/LearnSwift";
			};
			name = Debug;
		};
		0F67E86329268AD500970499 /* Release */ = {
			isa = XCBuildConfiguration;
			buildSettings = {
				ALWAYS_EMBED_SWIFT_STANDARD_LIBRARIES = YES;
				BUNDLE_LOADER = "$(TEST_HOST)";
				CODE_SIGN_STYLE = Automatic;
				CURRENT_PROJECT_VERSION = 1;
				DEVELOPMENT_TEAM = QH45CZ96A9;
				GENERATE_INFOPLIST_FILE = YES;
				IPHONEOS_DEPLOYMENT_TARGET = 16.1;
				MARKETING_VERSION = 1.0;
				PRODUCT_BUNDLE_IDENTIFIER = hongsungin.LearnSwiftTests;
				PRODUCT_NAME = "$(TARGET_NAME)";
				SWIFT_EMIT_LOC_STRINGS = NO;
				SWIFT_VERSION = 5.0;
				TARGETED_DEVICE_FAMILY = "1,2";
				TEST_HOST = "$(BUILT_PRODUCTS_DIR)/LearnSwift.app/$(BUNDLE_EXECUTABLE_FOLDER_PATH)/LearnSwift";
			};
			name = Release;
		};
		0F67E86529268AD500970499 /* Debug */ = {
			isa = XCBuildConfiguration;
			buildSettings = {
				ALWAYS_EMBED_SWIFT_STANDARD_LIBRARIES = YES;
				CODE_SIGN_STYLE = Automatic;
				CURRENT_PROJECT_VERSION = 1;
				DEVELOPMENT_TEAM = QH45CZ96A9;
				GENERATE_INFOPLIST_FILE = YES;
				MARKETING_VERSION = 1.0;
				PRODUCT_BUNDLE_IDENTIFIER = hongsungin.LearnSwiftUITests;
				PRODUCT_NAME = "$(TARGET_NAME)";
				SWIFT_EMIT_LOC_STRINGS = NO;
				SWIFT_VERSION = 5.0;
				TARGETED_DEVICE_FAMILY = "1,2";
				TEST_TARGET_NAME = LearnSwift;
			};
			name = Debug;
		};
		0F67E86629268AD500970499 /* Release */ = {
			isa = XCBuildConfiguration;
			buildSettings = {
				ALWAYS_EMBED_SWIFT_STANDARD_LIBRARIES = YES;
				CODE_SIGN_STYLE = Automatic;
				CURRENT_PROJECT_VERSION = 1;
				DEVELOPMENT_TEAM = QH45CZ96A9;
				GENERATE_INFOPLIST_FILE = YES;
				MARKETING_VERSION = 1.0;
				PRODUCT_BUNDLE_IDENTIFIER = hongsungin.LearnSwiftUITests;
				PRODUCT_NAME = "$(TARGET_NAME)";
				SWIFT_EMIT_LOC_STRINGS = NO;
				SWIFT_VERSION = 5.0;
				TARGETED_DEVICE_FAMILY = "1,2";
				TEST_TARGET_NAME = LearnSwift;
			};
			name = Release;
		};
/* End XCBuildConfiguration section */

/* Begin XCConfigurationList section */
		0F67E82F29268AD300970499 /* Build configuration list for PBXProject "LearnSwift" */ = {
			isa = XCConfigurationList;
			buildConfigurations = (
				0F67E85C29268AD500970499 /* Debug */,
				0F67E85D29268AD500970499 /* Release */,
			);
			defaultConfigurationIsVisible = 0;
			defaultConfigurationName = Release;
		};
		0F67E85E29268AD500970499 /* Build configuration list for PBXNativeTarget "LearnSwift" */ = {
			isa = XCConfigurationList;
			buildConfigurations = (
				0F67E85F29268AD500970499 /* Debug */,
				0F67E86029268AD500970499 /* Release */,
			);
			defaultConfigurationIsVisible = 0;
			defaultConfigurationName = Release;
		};
		0F67E86129268AD500970499 /* Build configuration list for PBXNativeTarget "LearnSwiftTests" */ = {
			isa = XCConfigurationList;
			buildConfigurations = (
				0F67E86229268AD500970499 /* Debug */,
				0F67E86329268AD500970499 /* Release */,
			);
			defaultConfigurationIsVisible = 0;
			defaultConfigurationName = Release;
		};
		0F67E86429268AD500970499 /* Build configuration list for PBXNativeTarget "LearnSwiftUITests" */ = {
			isa = XCConfigurationList;
			buildConfigurations = (
				0F67E86529268AD500970499 /* Debug */,
				0F67E86629268AD500970499 /* Release */,
			);
			defaultConfigurationIsVisible = 0;
			defaultConfigurationName = Release;
		};
/* End XCConfigurationList section */
	};
	rootObject = 0F67E82C29268AD300970499 /* Project object */;
}
